// !$*UTF8*$!
{
	archiveVersion = 1;
	classes = {
	};
	objectVersion = 46;
	objects = {

/* Begin PBXBuildFile section */
		0DD841971F4B2EB600305C9B /* AppDelegate.swift in Sources */ = {isa = PBXBuildFile; fileRef = 0DD841961F4B2EB600305C9B /* AppDelegate.swift */; };
		0DD841991F4B2EB600305C9B /* ViewController.swift in Sources */ = {isa = PBXBuildFile; fileRef = 0DD841981F4B2EB600305C9B /* ViewController.swift */; };
		0DD8419E1F4B2EB600305C9B /* Assets.xcassets in Resources */ = {isa = PBXBuildFile; fileRef = 0DD8419D1F4B2EB600305C9B /* Assets.xcassets */; };
		0DD841A11F4B2EB600305C9B /* LaunchScreen.storyboard in Resources */ = {isa = PBXBuildFile; fileRef = 0DD8419F1F4B2EB600305C9B /* LaunchScreen.storyboard */; };
		271DC536F5EBE559FD849ACA /* Pods_RealmServerDemo.framework in Frameworks */ = {isa = PBXBuildFile; fileRef = C30531B2B16EAFD0EF322D8A /* Pods_RealmServerDemo.framework */; };
/* End PBXBuildFile section */

/* Begin PBXFileReference section */
		0DD841931F4B2EB600305C9B /* RealmServerDemo.app */ = {isa = PBXFileReference; explicitFileType = wrapper.application; includeInIndex = 0; path = RealmServerDemo.app; sourceTree = BUILT_PRODUCTS_DIR; };
		0DD841961F4B2EB600305C9B /* AppDelegate.swift */ = {isa = PBXFileReference; lastKnownFileType = sourcecode.swift; path = AppDelegate.swift; sourceTree = "<group>"; };
		0DD841981F4B2EB600305C9B /* ViewController.swift */ = {isa = PBXFileReference; lastKnownFileType = sourcecode.swift; path = ViewController.swift; sourceTree = "<group>"; };
		0DD8419D1F4B2EB600305C9B /* Assets.xcassets */ = {isa = PBXFileReference; lastKnownFileType = folder.assetcatalog; path = Assets.xcassets; sourceTree = "<group>"; };
		0DD841A01F4B2EB600305C9B /* Base */ = {isa = PBXFileReference; lastKnownFileType = file.storyboard; name = Base; path = Base.lproj/LaunchScreen.storyboard; sourceTree = "<group>"; };
		0DD841A21F4B2EB600305C9B /* Info.plist */ = {isa = PBXFileReference; lastKnownFileType = text.plist.xml; path = Info.plist; sourceTree = "<group>"; };
		0DD841A81F4B2F5C00305C9B /* RealmServerDemo.entitlements */ = {isa = PBXFileReference; lastKnownFileType = text.plist.entitlements; path = RealmServerDemo.entitlements; sourceTree = "<group>"; };
		C278B64D08BA6923C6D5047E /* Pods-RealmServerDemo.release.xcconfig */ = {isa = PBXFileReference; includeInIndex = 1; lastKnownFileType = text.xcconfig; name = "Pods-RealmServerDemo.release.xcconfig"; path = "Pods/Target Support Files/Pods-RealmServerDemo/Pods-RealmServerDemo.release.xcconfig"; sourceTree = "<group>"; };
		C30531B2B16EAFD0EF322D8A /* Pods_RealmServerDemo.framework */ = {isa = PBXFileReference; explicitFileType = wrapper.framework; includeInIndex = 0; path = Pods_RealmServerDemo.framework; sourceTree = BUILT_PRODUCTS_DIR; };
		D6A1936B0A091144F53B67E7 /* Pods-RealmServerDemo.debug.xcconfig */ = {isa = PBXFileReference; includeInIndex = 1; lastKnownFileType = text.xcconfig; name = "Pods-RealmServerDemo.debug.xcconfig"; path = "Pods/Target Support Files/Pods-RealmServerDemo/Pods-RealmServerDemo.debug.xcconfig"; sourceTree = "<group>"; };
/* End PBXFileReference section */

/* Begin PBXFrameworksBuildPhase section */
		0DD841901F4B2EB600305C9B /* Frameworks */ = {
			isa = PBXFrameworksBuildPhase;
			buildActionMask = 2147483647;
			files = (
				271DC536F5EBE559FD849ACA /* Pods_RealmServerDemo.framework in Frameworks */,
			);
			runOnlyForDeploymentPostprocessing = 0;
		};
/* End PBXFrameworksBuildPhase section */

/* Begin PBXGroup section */
		0DD8418A1F4B2EB600305C9B = {
			isa = PBXGroup;
			children = (
				0DD841951F4B2EB600305C9B /* RealmServerDemo */,
				0DD841941F4B2EB600305C9B /* Products */,
				5CC2B9A4C218C79643466EFD /* Pods */,
				9608F707CC93B77D30B9DE4D /* Frameworks */,
			);
			sourceTree = "<group>";
		};
		0DD841941F4B2EB600305C9B /* Products */ = {
			isa = PBXGroup;
			children = (
				0DD841931F4B2EB600305C9B /* RealmServerDemo.app */,
			);
			name = Products;
			sourceTree = "<group>";
		};
		0DD841951F4B2EB600305C9B /* RealmServerDemo */ = {
			isa = PBXGroup;
			children = (
				0DD841981F4B2EB600305C9B /* ViewController.swift */,
				0DD8419D1F4B2EB600305C9B /* Assets.xcassets */,
				0DD841A81F4B2F5C00305C9B /* RealmServerDemo.entitlements */,
				0DD841961F4B2EB600305C9B /* AppDelegate.swift */,
				0DD8419F1F4B2EB600305C9B /* LaunchScreen.storyboard */,
				0DD841A21F4B2EB600305C9B /* Info.plist */,
			);
			path = RealmServerDemo;
			sourceTree = "<group>";
		};
		5CC2B9A4C218C79643466EFD /* Pods */ = {
			isa = PBXGroup;
			children = (
				D6A1936B0A091144F53B67E7 /* Pods-RealmServerDemo.debug.xcconfig */,
				C278B64D08BA6923C6D5047E /* Pods-RealmServerDemo.release.xcconfig */,
			);
			name = Pods;
			sourceTree = "<group>";
		};
		9608F707CC93B77D30B9DE4D /* Frameworks */ = {
			isa = PBXGroup;
			children = (
				C30531B2B16EAFD0EF322D8A /* Pods_RealmServerDemo.framework */,
			);
			name = Frameworks;
			sourceTree = "<group>";
		};
/* End PBXGroup section */

/* Begin PBXNativeTarget section */
		0DD841921F4B2EB600305C9B /* RealmServerDemo */ = {
			isa = PBXNativeTarget;
			buildConfigurationList = 0DD841A51F4B2EB600305C9B /* Build configuration list for PBXNativeTarget "RealmServerDemo" */;
			buildPhases = (
				961308B1E207F297E038A070 /* [CP] Check Pods Manifest.lock */,
				0DD8418F1F4B2EB600305C9B /* Sources */,
				0DD841901F4B2EB600305C9B /* Frameworks */,
				0DD841911F4B2EB600305C9B /* Resources */,
				D20183158B8F0F384E476FC4 /* [CP] Embed Pods Frameworks */,
				827AF2BED2A31EE63AFB7D92 /* [CP] Copy Pods Resources */,
			);
			buildRules = (
			);
			dependencies = (
			);
			name = RealmServerDemo;
			productName = RealmServerDemo;
			productReference = 0DD841931F4B2EB600305C9B /* RealmServerDemo.app */;
			productType = "com.apple.product-type.application";
		};
/* End PBXNativeTarget section */

/* Begin PBXProject section */
		0DD8418B1F4B2EB600305C9B /* Project object */ = {
			isa = PBXProject;
			attributes = {
				LastSwiftUpdateCheck = 0830;
				LastUpgradeCheck = 0830;
				ORGANIZATIONNAME = "Warren Hansen";
				TargetAttributes = {
					0DD841921F4B2EB600305C9B = {
						CreatedOnToolsVersion = 8.3.3;
						DevelopmentTeam = 22U4CL887R;
						ProvisioningStyle = Automatic;
						SystemCapabilities = {
							com.apple.Keychain = {
								enabled = 1;
							};
						};
					};
				};
			};
			buildConfigurationList = 0DD8418E1F4B2EB600305C9B /* Build configuration list for PBXProject "RealmServerDemo" */;
			compatibilityVersion = "Xcode 3.2";
			developmentRegion = English;
			hasScannedForEncodings = 0;
			knownRegions = (
				en,
				Base,
			);
			mainGroup = 0DD8418A1F4B2EB600305C9B;
			productRefGroup = 0DD841941F4B2EB600305C9B /* Products */;
			projectDirPath = "";
			projectRoot = "";
			targets = (
				0DD841921F4B2EB600305C9B /* RealmServerDemo */,
			);
		};
/* End PBXProject section */

/* Begin PBXResourcesBuildPhase section */
		0DD841911F4B2EB600305C9B /* Resources */ = {
			isa = PBXResourcesBuildPhase;
			buildActionMask = 2147483647;
			files = (
				0DD841A11F4B2EB600305C9B /* LaunchScreen.storyboard in Resources */,
				0DD8419E1F4B2EB600305C9B /* Assets.xcassets in Resources */,
			);
			runOnlyForDeploymentPostprocessing = 0;
		};
/* End PBXResourcesBuildPhase section */

/* Begin PBXShellScriptBuildPhase section */
		827AF2BED2A31EE63AFB7D92 /* [CP] Copy Pods Resources */ = {
			isa = PBXShellScriptBuildPhase;
			buildActionMask = 2147483647;
			files = (
			);
			inputPaths = (
			);
			name = "[CP] Copy Pods Resources";
			outputPaths = (
			);
			runOnlyForDeploymentPostprocessing = 0;
			shellPath = /bin/sh;
			shellScript = "\"${SRCROOT}/Pods/Target Support Files/Pods-RealmServerDemo/Pods-RealmServerDemo-resources.sh\"\n";
			showEnvVarsInLog = 0;
		};
		961308B1E207F297E038A070 /* [CP] Check Pods Manifest.lock */ = {
			isa = PBXShellScriptBuildPhase;
			buildActionMask = 2147483647;
			files = (
			);
			inputPaths = (
			);
			name = "[CP] Check Pods Manifest.lock";
			outputPaths = (
			);
			runOnlyForDeploymentPostprocessing = 0;
			shellPath = /bin/sh;
			shellScript = "diff \"${PODS_PODFILE_DIR_PATH}/Podfile.lock\" \"${PODS_ROOT}/Manifest.lock\" > /dev/null\nif [ $? != 0 ] ; then\n    # print error to STDERR\n    echo \"error: The sandbox is not in sync with the Podfile.lock. Run 'pod install' or update your CocoaPods installation.\" >&2\n    exit 1\nfi\n";
			showEnvVarsInLog = 0;
		};
		D20183158B8F0F384E476FC4 /* [CP] Embed Pods Frameworks */ = {
			isa = PBXShellScriptBuildPhase;
			buildActionMask = 2147483647;
			files = (
			);
			inputPaths = (
			);
			name = "[CP] Embed Pods Frameworks";
			outputPaths = (
			);
			runOnlyForDeploymentPostprocessing = 0;
			shellPath = /bin/sh;
			shellScript = "\"${SRCROOT}/Pods/Target Support Files/Pods-RealmServerDemo/Pods-RealmServerDemo-frameworks.sh\"\n";
			showEnvVarsInLog = 0;
		};
/* End PBXShellScriptBuildPhase section */

/* Begin PBXSourcesBuildPhase section */
		0DD8418F1F4B2EB600305C9B /* Sources */ = {
			isa = PBXSourcesBuildPhase;
			buildActionMask = 2147483647;
			files = (
				0DD841991F4B2EB600305C9B /* ViewController.swift in Sources */,
				0DD841971F4B2EB600305C9B /* AppDelegate.swift in Sources */,
			);
			runOnlyForDeploymentPostprocessing = 0;
		};
/* End PBXSourcesBuildPhase section */

/* Begin PBXVariantGroup section */
		0DD8419F1F4B2EB600305C9B /* LaunchScreen.storyboard */ = {
			isa = PBXVariantGroup;
			children = (
				0DD841A01F4B2EB600305C9B /* Base */,
			);
			name = LaunchScreen.storyboard;
			sourceTree = "<group>";
		};
/* End PBXVariantGroup section */

/* Begin XCBuildConfiguration section */
		0DD841A31F4B2EB600305C9B /* Debug */ = {
			isa = XCBuildConfiguration;
			buildSettings = {
				ALWAYS_SEARCH_USER_PATHS = NO;
				CLANG_ANALYZER_NONNULL = YES;
				CLANG_ANALYZER_NUMBER_OBJECT_CONVERSION = YES_AGGRESSIVE;
				CLANG_CXX_LANGUAGE_STANDARD = "gnu++0x";
				CLANG_CXX_LIBRARY = "libc++";
				CLANG_ENABLE_MODULES = YES;
				CLANG_ENABLE_OBJC_ARC = YES;
				CLANG_WARN_BOOL_CONVERSION = YES;
				CLANG_WARN_CONSTANT_CONVERSION = YES;
				CLANG_WARN_DIRECT_OBJC_ISA_USAGE = YES_ERROR;
				CLANG_WARN_DOCUMENTATION_COMMENTS = YES;
				CLANG_WARN_EMPTY_BODY = YES;
				CLANG_WARN_ENUM_CONVERSION = YES;
				CLANG_WARN_INFINITE_RECURSION = YES;
				CLANG_WARN_INT_CONVERSION = YES;
				CLANG_WARN_OBJC_ROOT_CLASS = YES_ERROR;
				CLANG_WARN_SUSPICIOUS_MOVE = YES;
				CLANG_WARN_UNREACHABLE_CODE = YES;
				CLANG_WARN__DUPLICATE_METHOD_MATCH = YES;
				"CODE_SIGN_IDENTITY[sdk=iphoneos*]" = "iPhone Developer";
				COPY_PHASE_STRIP = NO;
				DEBUG_INFORMATION_FORMAT = dwarf;
				ENABLE_STRICT_OBJC_MSGSEND = YES;
				ENABLE_TESTABILITY = YES;
				GCC_C_LANGUAGE_STANDARD = gnu99;
				GCC_DYNAMIC_NO_PIC = NO;
				GCC_NO_COMMON_BLOCKS = YES;
				GCC_OPTIMIZATION_LEVEL = 0;
				GCC_PREPROCESSOR_DEFINITIONS = (
					"DEBUG=1",
					"$(inherited)",
				);
				GCC_WARN_64_TO_32_BIT_CONVERSION = YES;
				GCC_WARN_ABOUT_RETURN_TYPE = YES_ERROR;
				GCC_WARN_UNDECLARED_SELECTOR = YES;
				GCC_WARN_UNINITIALIZED_AUTOS = YES_AGGRESSIVE;
				GCC_WARN_UNUSED_FUNCTION = YES;
				GCC_WARN_UNUSED_VARIABLE = YES;
				IPHONEOS_DEPLOYMENT_TARGET = 10.3;
				MTL_ENABLE_DEBUG_INFO = YES;
				ONLY_ACTIVE_ARCH = YES;
				SDKROOT = iphoneos;
				SWIFT_ACTIVE_COMPILATION_CONDITIONS = DEBUG;
				SWIFT_OPTIMIZATION_LEVEL = "-Onone";
			};
			name = Debug;
		};
		0DD841A41F4B2EB600305C9B /* Release */ = {
			isa = XCBuildConfiguration;
			buildSettings = {
				ALWAYS_SEARCH_USER_PATHS = NO;
				CLANG_ANALYZER_NONNULL = YES;
				CLANG_ANALYZER_NUMBER_OBJECT_CONVERSION = YES_AGGRESSIVE;
				CLANG_CXX_LANGUAGE_STANDARD = "gnu++0x";
				CLANG_CXX_LIBRARY = "libc++";
				CLANG_ENABLE_MODULES = YES;
				CLANG_ENABLE_OBJC_ARC = YES;
				CLANG_WARN_BOOL_CONVERSION = YES;
				CLANG_WARN_CONSTANT_CONVERSION = YES;
				CLANG_WARN_DIRECT_OBJC_ISA_USAGE = YES_ERROR;
				CLANG_WARN_DOCUMENTATION_COMMENTS = YES;
				CLANG_WARN_EMPTY_BODY = YES;
				CLANG_WARN_ENUM_CONVERSION = YES;
				CLANG_WARN_INFINITE_RECURSION = YES;
				CLANG_WARN_INT_CONVERSION = YES;
				CLANG_WARN_OBJC_ROOT_CLASS = YES_ERROR;
				CLANG_WARN_SUSPICIOUS_MOVE = YES;
				CLANG_WARN_UNREACHABLE_CODE = YES;
				CLANG_WARN__DUPLICATE_METHOD_MATCH = YES;
				"CODE_SIGN_IDENTITY[sdk=iphoneos*]" = "iPhone Developer";
				COPY_PHASE_STRIP = NO;
				DEBUG_INFORMATION_FORMAT = "dwarf-with-dsym";
				ENABLE_NS_ASSERTIONS = NO;
				ENABLE_STRICT_OBJC_MSGSEND = YES;
				GCC_C_LANGUAGE_STANDARD = gnu99;
				GCC_NO_COMMON_BLOCKS = YES;
				GCC_WARN_64_TO_32_BIT_CONVERSION = YES;
				GCC_WARN_ABOUT_RETURN_TYPE = YES_ERROR;
				GCC_WARN_UNDECLARED_SELECTOR = YES;
				GCC_WARN_UNINITIALIZED_AUTOS = YES_AGGRESSIVE;
				GCC_WARN_UNUSED_FUNCTION = YES;
				GCC_WARN_UNUSED_VARIABLE = YES;
				IPHONEOS_DEPLOYMENT_TARGET = 10.3;
				MTL_ENABLE_DEBUG_INFO = NO;
				SDKROOT = iphoneos;
				SWIFT_OPTIMIZATION_LEVEL = "-Owholemodule";
				VALIDATE_PRODUCT = YES;
			};
			name = Release;
		};
		0DD841A61F4B2EB600305C9B /* Debug */ = {
			isa = XCBuildConfiguration;
			baseConfigurationReference = D6A1936B0A091144F53B67E7 /* Pods-RealmServerDemo.debug.xcconfig */;
			buildSettings = {
				ASSETCATALOG_COMPILER_APPICON_NAME = AppIcon;
				CODE_SIGN_ENTITLEMENTS = RealmServerDemo/RealmServerDemo.entitlements;
				DEVELOPMENT_TEAM = 22U4CL887R;
				INFOPLIST_FILE = RealmServerDemo/Info.plist;
				LD_RUNPATH_SEARCH_PATHS = "$(inherited) @executable_path/Frameworks";
				PRODUCT_BUNDLE_IDENTIFIER = TradeStrat.RealmServerDemo;
				PRODUCT_NAME = "$(TARGET_NAME)";
				SWIFT_VERSION = 3.0;
			};
			name = Debug;
		};
		0DD841A71F4B2EB600305C9B /* Release */ = {
			isa = XCBuildConfiguration;
			baseConfigurationReference = C278B64D08BA6923C6D5047E /* Pods-RealmServerDemo.release.xcconfig */;
			buildSettings = {
				ASSETCATALOG_COMPILER_APPICON_NAME = AppIcon;
				CODE_SIGN_ENTITLEMENTS = RealmServerDemo/RealmServerDemo.entitlements;
				DEVELOPMENT_TEAM = 22U4CL887R;
				INFOPLIST_FILE = RealmServerDemo/Info.plist;
				LD_RUNPATH_SEARCH_PATHS = "$(inherited) @executable_path/Frameworks";
				PRODUCT_BUNDLE_IDENTIFIER = TradeStrat.RealmServerDemo;
				PRODUCT_NAME = "$(TARGET_NAME)";
				SWIFT_VERSION = 3.0;
			};
			name = Release;
		};
/* End XCBuildConfiguration section */

/* Begin XCConfigurationList section */
		0DD8418E1F4B2EB600305C9B /* Build configuration list for PBXProject "RealmServerDemo" */ = {
			isa = XCConfigurationList;
			buildConfigurations = (
				0DD841A31F4B2EB600305C9B /* Debug */,
				0DD841A41F4B2EB600305C9B /* Release */,
			);
			defaultConfigurationIsVisible = 0;
			defaultConfigurationName = Release;
		};
		0DD841A51F4B2EB600305C9B /* Build configuration list for PBXNativeTarget "RealmServerDemo" */ = {
			isa = XCConfigurationList;
			buildConfigurations = (
				0DD841A61F4B2EB600305C9B /* Debug */,
				0DD841A71F4B2EB600305C9B /* Release */,
			);
			defaultConfigurationIsVisible = 0;
			defaultConfigurationName = Release;
		};
/* End XCConfigurationList section */
	};
	rootObject = 0DD8418B1F4B2EB600305C9B /* Project object */;
}
